
Microsoft Visual Studio Solution File, Format Version 12.00
# Visual Studio Version 17
VisualStudioVersion = 17.2.32516.85
MinimumVisualStudioVersion = 10.0.40219.1
Project("{2150E333-8FDC-42A3-9474-1A3956D46DE8}") = "src", "src", "{D145E440-92AF-4361-8F21-6C97C783B241}"
EndProject
Project("{2150E333-8FDC-42A3-9474-1A3956D46DE8}") = "tests", "tests", "{7E8BDFF8-4AB6-4263-8F98-8A376A0E5C01}"
EndProject
Project("{2150E333-8FDC-42A3-9474-1A3956D46DE8}") = "Core", "Core", "{B67F0B31-0DEA-46FE-91EE-8AB71320FDF2}"
EndProject
Project("{9A19103F-16F7-4668-BE54-9A1E7A4F7556}") = "NT.ECommerce.Domain", "NT.ECommerce.Domain\NT.ECommerce.Domain.csproj", "{531735D6-D93B-4F7E-994C-71EDF60FD8C5}"
EndProject
Project("{9A19103F-16F7-4668-BE54-9A1E7A4F7556}") = "NT.ECommerce.Application", "NT.ECommerce.Application\NT.ECommerce.Application.csproj", "{C73AB402-527E-4463-8BFF-77AF6B9E53C3}"
EndProject
Project("{2150E333-8FDC-42A3-9474-1A3956D46DE8}") = "Infrastructure", "Infrastructure", "{6975EB85-5953-4B7A-8ACD-1B0D01C9AF58}"
EndProject
Project("{2150E333-8FDC-42A3-9474-1A3956D46DE8}") = "API", "API", "{F83B030C-03BE-49C2-98B8-EB0DA6071AAA}"
EndProject
Project("{9A19103F-16F7-4668-BE54-9A1E7A4F7556}") = "NT.ECommerce.Api", "NT.ECommerce.Api\NT.ECommerce.Api.csproj", "{C822ECB1-906B-4B06-BFDF-D593D0191D2D}"
EndProject
Project("{9A19103F-16F7-4668-BE54-9A1E7A4F7556}") = "NT.ECommerce.Persistence", "NT.ECommerce.Persistence\NT.ECommerce.Persistence.csproj", "{F8BE2D14-7401-475D-804C-E009ACCDC98F}"
EndProject
Global
	GlobalSection(SolutionConfigurationPlatforms) = preSolution
		Debug|Any CPU = Debug|Any CPU
		Release|Any CPU = Release|Any CPU
	EndGlobalSection
	GlobalSection(ProjectConfigurationPlatforms) = postSolution
		{531735D6-D93B-4F7E-994C-71EDF60FD8C5}.Debug|Any CPU.ActiveCfg = Debug|Any CPU
		{531735D6-D93B-4F7E-994C-71EDF60FD8C5}.Debug|Any CPU.Build.0 = Debug|Any CPU
		{531735D6-D93B-4F7E-994C-71EDF60FD8C5}.Release|Any CPU.ActiveCfg = Release|Any CPU
		{531735D6-D93B-4F7E-994C-71EDF60FD8C5}.Release|Any CPU.Build.0 = Release|Any CPU
		{C73AB402-527E-4463-8BFF-77AF6B9E53C3}.Debug|Any CPU.ActiveCfg = Debug|Any CPU
		{C73AB402-527E-4463-8BFF-77AF6B9E53C3}.Debug|Any CPU.Build.0 = Debug|Any CPU
		{C73AB402-527E-4463-8BFF-77AF6B9E53C3}.Release|Any CPU.ActiveCfg = Release|Any CPU
		{C73AB402-527E-4463-8BFF-77AF6B9E53C3}.Release|Any CPU.Build.0 = Release|Any CPU
		{C822ECB1-906B-4B06-BFDF-D593D0191D2D}.Debug|Any CPU.ActiveCfg = Debug|Any CPU
		{C822ECB1-906B-4B06-BFDF-D593D0191D2D}.Debug|Any CPU.Build.0 = Debug|Any CPU
		{C822ECB1-906B-4B06-BFDF-D593D0191D2D}.Release|Any CPU.ActiveCfg = Release|Any CPU
		{C822ECB1-906B-4B06-BFDF-D593D0191D2D}.Release|Any CPU.Build.0 = Release|Any CPU
		{F8BE2D14-7401-475D-804C-E009ACCDC98F}.Debug|Any CPU.ActiveCfg = Debug|Any CPU
		{F8BE2D14-7401-475D-804C-E009ACCDC98F}.Debug|Any CPU.Build.0 = Debug|Any CPU
		{F8BE2D14-7401-475D-804C-E009ACCDC98F}.Release|Any CPU.ActiveCfg = Release|Any CPU
		{F8BE2D14-7401-475D-804C-E009ACCDC98F}.Release|Any CPU.Build.0 = Release|Any CPU
	EndGlobalSection
	GlobalSection(SolutionProperties) = preSolution
		HideSolutionNode = FALSE
	EndGlobalSection
	GlobalSection(NestedProjects) = preSolution
		{B67F0B31-0DEA-46FE-91EE-8AB71320FDF2} = {D145E440-92AF-4361-8F21-6C97C783B241}
		{531735D6-D93B-4F7E-994C-71EDF60FD8C5} = {B67F0B31-0DEA-46FE-91EE-8AB71320FDF2}
		{C73AB402-527E-4463-8BFF-77AF6B9E53C3} = {B67F0B31-0DEA-46FE-91EE-8AB71320FDF2}
		{6975EB85-5953-4B7A-8ACD-1B0D01C9AF58} = {D145E440-92AF-4361-8F21-6C97C783B241}
		{F83B030C-03BE-49C2-98B8-EB0DA6071AAA} = {D145E440-92AF-4361-8F21-6C97C783B241}
		{C822ECB1-906B-4B06-BFDF-D593D0191D2D} = {F83B030C-03BE-49C2-98B8-EB0DA6071AAA}
		{F8BE2D14-7401-475D-804C-E009ACCDC98F} = {6975EB85-5953-4B7A-8ACD-1B0D01C9AF58}
	EndGlobalSection
	GlobalSection(ExtensibilityGlobals) = postSolution
		SolutionGuid = {4197BD3C-C7D3-4152-87EF-DCE2451E64F2}
	EndGlobalSection
EndGlobal
